%{"backoff": {:hex, :backoff, "1.1.1"},
  "bbmustache": {:hex, :bbmustache, "1.0.3"},
  "certifi": {:hex, :certifi, "0.3.0"},
  "cmark": {:hex, :cmark, "0.6.8"},
  "combine": {:hex, :combine, "0.7.0"},
  "comeonin": {:hex, :comeonin, "1.6.0"},
  "connection": {:hex, :connection, "1.0.2"},
  "cowboy": {:hex, :cowboy, "1.0.4"},
  "cowlib": {:hex, :cowlib, "1.0.2"},
  "db_connection": {:hex, :db_connection, "0.2.4"},
  "decimal": {:hex, :decimal, "1.1.1"},
  "ecto": {:hex, :ecto, "1.1.4"},
  "elixir_exif": {:git, "https://github.com/ckruse/ElixirExif.git", "ff22f9c5be4b3c3b44e8feeb76104e0fedcd9a9f", []},
  "erlware_commons": {:hex, :erlware_commons, "0.15.0"},
  "exrm": {:hex, :exrm, "1.0.0-rc7"},
  "floki": {:hex, :floki, "0.7.2"},
  "fs": {:hex, :fs, "0.9.2"},
  "gen_smtp": {:hex, :gen_smtp, "0.9.0"},
  "getopt": {:hex, :getopt, "0.8.2"},
  "gettext": {:hex, :gettext, "0.10.0"},
  "hackney": {:hex, :hackney, "1.4.8"},
  "httpotion": {:hex, :httpotion, "2.2.1"},
  "ibrowse": {:hex, :ibrowse, "4.2.2"},
  "idna": {:hex, :idna, "1.0.3"},
  "logger_file_backend": {:git, "https://github.com/onkel-dirtus/logger_file_backend.git", "457ce74fc242261328f71a77d75252bf0c74c170", []},
  "microformats2": {:hex, :microformats2, "0.0.5"},
  "mimerl": {:hex, :mimerl, "1.0.2"},
  "mochiweb": {:hex, :mochiweb, "2.12.2"},
  "mogrify": {:git, "https://github.com/ckruse/mogrify.git", "9c2c5489c3a591b2ca28c52d2cd3b1f906c98959", []},
  "phoenix": {:hex, :phoenix, "1.1.4"},
  "phoenix_ecto": {:hex, :phoenix_ecto, "2.0.1"},
  "phoenix_html": {:hex, :phoenix_html, "2.5.0"},
  "phoenix_live_reload": {:hex, :phoenix_live_reload, "1.0.3"},
  "plug": {:hex, :plug, "1.1.2"},
  "poison": {:hex, :poison, "1.5.2"},
  "poolboy": {:hex, :poolboy, "1.5.1"},
  "postgrex": {:hex, :postgrex, "0.11.1"},
  "providers": {:hex, :providers, "1.4.1"},
  "ranch": {:hex, :ranch, "1.2.1"},
  "relx": {:hex, :relx, "3.5.0"},
  "scrivener": {:hex, :scrivener, "1.1.2"},
  "scrivener_html": {:hex, :scrivener_html, "1.0.8"},
  "ssl_verify_hostname": {:hex, :ssl_verify_hostname, "1.0.5"},
  "timex": {:hex, :timex, "0.19.5"},
  "tzdata": {:hex, :tzdata, "0.5.6"},
  "webmentions": {:hex, :webmentions, "0.0.2"}}
