%{
  "bamboo": {:hex, :bamboo, "0.8.0", "573889a3efcb906bb9d25a1c4caa4ca22f479235e1b8cc3260d8b88dabeb4b14", [:mix], [{:hackney, "~> 1.6", [hex: :hackney, optional: false]}, {:plug, "~> 1.0", [hex: :plug, optional: false]}, {:poison, ">= 1.5.0", [hex: :poison, optional: false]}]},
  "bamboo_smtp": {:hex, :bamboo_smtp, "1.4.0", "a01d91406f3a46b3452c84d345d50f75d6facca5e06337358287a97da0426240", [:mix], [{:bamboo, "~> 0.8.0", [hex: :bamboo, optional: false]}, {:gen_smtp, "~> 0.12.0", [hex: :gen_smtp, optional: false]}]},
  "bcrypt_elixir": {:hex, :bcrypt_elixir, "1.0.6", "58a865939b3106d5ad4841f660955b958be6db955dda034fbbc1069dbacb97fa", [:make, :mix], [{:elixir_make, "~> 0.4", [hex: :elixir_make, optional: false]}]},
  "certifi": {:hex, :certifi, "2.0.0", "a0c0e475107135f76b8c1d5bc7efb33cd3815cb3cf3dea7aefdd174dabead064", [:rebar3], []},
  "cmark": {:hex, :cmark, "0.7.0", "cf20106714b35801df3a2250a8ca478366f93ad6067df9d6815c80b2606ae01e", [:make, :mix], []},
  "combine": {:hex, :combine, "0.10.0", "eff8224eeb56498a2af13011d142c5e7997a80c8f5b97c499f84c841032e429f", [:mix], []},
  "comeonin": {:hex, :comeonin, "4.1.0", "62837a7c25cfe0436dd411c6c1163a30e02ec037b0c6d3d8dfb045916dc1066d", [:mix], [{:argon2_elixir, "~> 1.2", [hex: :argon2_elixir, optional: true]}, {:bcrypt_elixir, "~> 0.12.1 or ~> 1.0", [hex: :bcrypt_elixir, optional: true]}, {:pbkdf2_elixir, "~> 0.12", [hex: :pbkdf2_elixir, optional: true]}]},
  "connection": {:hex, :connection, "1.0.4", "a1cae72211f0eef17705aaededacac3eb30e6625b04a6117c1b2db6ace7d5976", [:mix], []},
  "cowboy": {:hex, :cowboy, "1.1.2", "61ac29ea970389a88eca5a65601460162d370a70018afe6f949a29dca91f3bb0", [:rebar3], [{:cowlib, "~> 1.0.2", [hex: :cowlib, optional: false]}, {:ranch, "~> 1.3.2", [hex: :ranch, optional: false]}]},
  "cowlib": {:hex, :cowlib, "1.0.2", "9d769a1d062c9c3ac753096f868ca121e2730b9a377de23dec0f7e08b1df84ee", [:make], []},
  "db_connection": {:hex, :db_connection, "1.1.3", "89b30ca1ef0a3b469b1c779579590688561d586694a3ce8792985d4d7e575a61", [:mix], [{:connection, "~> 1.0.2", [hex: :connection, optional: false]}, {:poolboy, "~> 1.5", [hex: :poolboy, optional: true]}, {:sbroker, "~> 1.0", [hex: :sbroker, optional: true]}]},
  "decimal": {:hex, :decimal, "1.4.1", "ad9e501edf7322f122f7fc151cce7c2a0c9ada96f2b0155b8a09a795c2029770", [:mix], []},
  "distillery": {:hex, :distillery, "1.5.2", "eec18b2d37b55b0bcb670cf2bcf64228ed38ce8b046bb30a9b636a6f5a4c0080", [:mix], []},
  "ecto": {:hex, :ecto, "2.2.8", "a4463c0928b970f2cee722cd29aaac154e866a15882c5737e0038bbfcf03ec2c", [:mix], [{:db_connection, "~> 1.1", [hex: :db_connection, optional: true]}, {:decimal, "~> 1.2", [hex: :decimal, optional: false]}, {:mariaex, "~> 0.8.0", [hex: :mariaex, optional: true]}, {:poison, "~> 2.2 or ~> 3.0", [hex: :poison, optional: true]}, {:poolboy, "~> 1.5", [hex: :poolboy, optional: false]}, {:postgrex, "~> 0.13.0", [hex: :postgrex, optional: true]}, {:sbroker, "~> 1.0", [hex: :sbroker, optional: true]}]},
  "edeliver": {:hex, :edeliver, "1.4.5", "80cf483c3634242e2a8871c8af1468301153bd974aaac52dce8b6345c095c8a4", [:mix], [{:distillery, ">= 1.0.0", [hex: :distillery, optional: false]}, {:exrm, ">= 0.16.0", [hex: :exrm, optional: true]}]},
  "elixir_exif": {:git, "https://github.com/sschneider1207/ElixirExif.git", "c9c7c553f4a64c6ffbf34a2ab0bc4d37e39b001e", []},
  "elixir_make": {:hex, :elixir_make, "0.4.0", "992f38fabe705bb45821a728f20914c554b276838433349d4f2341f7a687cddf", [:mix], []},
  "ex_machina": {:hex, :ex_machina, "2.1.0", "4874dc9c78e7cf2d429f24dc3c4005674d4e4da6a08be961ffccc08fb528e28b", [:mix], [{:ecto, "~> 2.1", [hex: :ecto, optional: true]}]},
  "file_system": {:hex, :file_system, "0.2.4", "f0bdda195c0e46e987333e986452ec523aed21d784189144f647c43eaf307064", [:mix], []},
  "floki": {:hex, :floki, "0.19.3", "652d1447767f783bd6cae1d882fd2145f25db28c6841ab87659225b468cff101", [:mix], [{:html_entities, "~> 0.4.0", [hex: :html_entities, optional: false]}, {:mochiweb, "~> 2.15", [hex: :mochiweb, optional: false]}]},
  "gen_smtp": {:hex, :gen_smtp, "0.12.0", "97d44903f5ca18ca85cb39aee7d9c77e98d79804bbdef56078adcf905cb2ef00", [:rebar3], []},
  "gettext": {:hex, :gettext, "0.14.0", "1a019a2e51d5ad3d126efe166dcdf6563768e5d06c32a99ad2281a1fa94b4c72", [:mix], []},
  "hackney": {:hex, :hackney, "1.11.0", "4951ee019df102492dabba66a09e305f61919a8a183a7860236c0fde586134b6", [:rebar3], [{:certifi, "2.0.0", [hex: :certifi, optional: false]}, {:idna, "5.1.0", [hex: :idna, optional: false]}, {:metrics, "1.0.1", [hex: :metrics, optional: false]}, {:mimerl, "1.0.2", [hex: :mimerl, optional: false]}, {:ssl_verify_fun, "1.1.1", [hex: :ssl_verify_fun, optional: false]}]},
  "html_entities": {:hex, :html_entities, "0.4.0", "f2fee876858cf6aaa9db608820a3209e45a087c5177332799592142b50e89a6b", [:mix], []},
  "httpoison": {:hex, :httpoison, "0.13.0", "bfaf44d9f133a6599886720f3937a7699466d23bb0cd7a88b6ba011f53c6f562", [:mix], [{:hackney, "~> 1.8", [hex: :hackney, optional: false]}]},
  "httpotion": {:hex, :httpotion, "3.0.3", "17096ea1a7c0b2df74509e9c15a82b670d66fc4d66e6ef584189f63a9759428d", [:mix], [{:ibrowse, "~> 4.4", [hex: :ibrowse, optional: false]}]},
  "ibrowse": {:hex, :ibrowse, "4.4.0", "2d923325efe0d2cb09b9c6a047b2835a5eda69d8a47ed6ff8bc03628b764e991", [:rebar3], []},
  "idna": {:hex, :idna, "5.1.0", "d72b4effeb324ad5da3cab1767cb16b17939004e789d8c0ad5b70f3cea20c89a", [:rebar3], [{:unicode_util_compat, "0.3.1", [hex: :unicode_util_compat, optional: false]}]},
  "metrics": {:hex, :metrics, "1.0.1", "25f094dea2cda98213cecc3aeff09e940299d950904393b2a29d191c346a8486", [:rebar3], []},
  "microformats2": {:hex, :microformats2, "0.1.0", "50335f6ecf3f643c13d958bbe89ef885ad737443a868ff144df9707c83b15541", [:mix], [{:floki, "~> 0.7", [hex: :floki, optional: false]}, {:httpotion, "~> 3.0", [hex: :httpotion, optional: false]}]},
  "mime": {:hex, :mime, "1.2.0", "78adaa84832b3680de06f88f0997e3ead3b451a440d183d688085be2d709b534", [:mix], []},
  "mimerl": {:hex, :mimerl, "1.0.2", "993f9b0e084083405ed8252b99460c4f0563e41729ab42d9074fd5e52439be88", [:rebar3], []},
  "mochiweb": {:hex, :mochiweb, "2.15.0", "e1daac474df07651e5d17cc1e642c4069c7850dc4508d3db7263a0651330aacc", [:rebar3], []},
  "mogrify": {:git, "https://github.com/route/mogrify.git", "43fa160e7dd1714d4a53d4acb4001087eb63e142", []},
  "phoenix": {:hex, :phoenix, "1.3.0", "1c01124caa1b4a7af46f2050ff11b267baa3edb441b45dbf243e979cd4c5891b", [:mix], [{:cowboy, "~> 1.0", [hex: :cowboy, optional: true]}, {:phoenix_pubsub, "~> 1.0", [hex: :phoenix_pubsub, optional: false]}, {:plug, "~> 1.3.3 or ~> 1.4", [hex: :plug, optional: false]}, {:poison, "~> 2.2 or ~> 3.0", [hex: :poison, optional: false]}]},
  "phoenix_ecto": {:hex, :phoenix_ecto, "3.3.0", "702f6e164512853d29f9d20763493f2b3bcfcb44f118af2bc37bb95d0801b480", [:mix], [{:ecto, "~> 2.1", [hex: :ecto, optional: false]}, {:phoenix_html, "~> 2.9", [hex: :phoenix_html, optional: true]}, {:plug, "~> 1.0", [hex: :plug, optional: false]}]},
  "phoenix_html": {:hex, :phoenix_html, "2.10.5", "4f9df6b0fb7422a9440a73182a566cb9cbe0e3ffe8884ef9337ccf284fc1ef0a", [:mix], [{:plug, "~> 1.0", [hex: :plug, optional: false]}]},
  "phoenix_live_reload": {:hex, :phoenix_live_reload, "1.1.3", "1d178429fc8950b12457d09c6afec247bfe1fcb6f36209e18fbb0221bdfe4d41", [:mix], [{:file_system, "~> 0.2.1 or ~> 0.3", [hex: :file_system, optional: false]}, {:phoenix, "~> 1.0 or ~> 1.2 or ~> 1.3", [hex: :phoenix, optional: false]}]},
  "phoenix_pubsub": {:hex, :phoenix_pubsub, "1.0.2", "bfa7fd52788b5eaa09cb51ff9fcad1d9edfeb68251add458523f839392f034c1", [:mix], []},
  "plug": {:hex, :plug, "1.4.4", "279b547662272cd835a8ca089717201dd3be51bb4705354eaf1b0346744acc82", [:mix], [{:cowboy, "~> 1.0.1 or ~> 1.1", [hex: :cowboy, optional: true]}, {:mime, "~> 1.0", [hex: :mime, optional: false]}]},
  "poison": {:hex, :poison, "3.1.0", "d9eb636610e096f86f25d9a46f35a9facac35609a7591b3be3326e99a0484665", [:mix], []},
  "poolboy": {:hex, :poolboy, "1.5.1", "6b46163901cfd0a1b43d692657ed9d7e599853b3b21b95ae5ae0a777cf9b6ca8", [:rebar], []},
  "postgrex": {:hex, :postgrex, "0.13.4", "f58e319c5451bfda86ba6a45ce6dca311193d0a9861323d0d16e8d02e25adc41", [:mix], [{:connection, "~> 1.0", [hex: :connection, optional: false]}, {:db_connection, "~> 1.1", [hex: :db_connection, optional: false]}, {:decimal, "~> 1.0", [hex: :decimal, optional: false]}]},
  "ranch": {:hex, :ranch, "1.3.2", "e4965a144dc9fbe70e5c077c65e73c57165416a901bd02ea899cfd95aa890986", [:rebar3], []},
  "ssl_verify_fun": {:hex, :ssl_verify_fun, "1.1.1", "28a4d65b7f59893bc2c7de786dec1e1555bd742d336043fe644ae956c3497fbe", [:make, :rebar], []},
  "timex": {:hex, :timex, "3.1.25", "6002dae5432f749d1c93e2cd103eb73cecb53e50d2c885349e8e4146fc96bd44", [:mix], [{:combine, "~> 0.10", [hex: :combine, optional: false]}, {:gettext, "~> 0.10", [hex: :gettext, optional: false]}, {:tzdata, "~> 0.1.8 or ~> 0.5", [hex: :tzdata, optional: false]}]},
  "timex_ecto": {:git, "https://github.com/bitwalker/timex_ecto.git", "85d2722f7818f7c73a3bda5e1e86caf978cd7d45", [tag: "3.2.0"]},
  "tzdata": {:hex, :tzdata, "0.5.16", "13424d3afc76c68ff607f2df966c0ab4f3258859bbe3c979c9ed1606135e7352", [:mix], [{:hackney, "~> 1.0", [hex: :hackney, optional: false]}]},
  "unicode_util_compat": {:hex, :unicode_util_compat, "0.3.1", "a1f612a7b512638634a603c8f401892afbf99b8ce93a45041f8aaca99cadb85e", [:rebar3], []},
  "webmentions": {:hex, :webmentions, "0.3.4", "1cfcddd23a0d6ae23fa7bfeb4ab0531012ebe7eeb0941db5311cd70254d182cb", [:mix], [{:floki, "~> 0.15", [hex: :floki, optional: false]}, {:httpoison, "~> 0.11", [hex: :httpoison, optional: false]}]},
}
